// !$*UTF8*$!
{
	archiveVersion = 1;
	classes = {
	};
	objectVersion = 51;
	objects = {

/* Begin PBXBuildFile section */
		E0749527257D28D3002E2462 /* GoogleService-Info.plist in Resources */ = {isa = PBXBuildFile; fileRef = E0749526257D28D3002E2462 /* GoogleService-Info.plist */; };
		E0A269C3257BB79B0009931E /* AppDelegate.swift in Sources */ = {isa = PBXBuildFile; fileRef = E0A269C2257BB79B0009931E /* AppDelegate.swift */; };
		E0A269C5257BB79B0009931E /* SceneDelegate.swift in Sources */ = {isa = PBXBuildFile; fileRef = E0A269C4257BB79B0009931E /* SceneDelegate.swift */; };
		E0A269C7257BB79B0009931E /* ConversationsViewController.swift in Sources */ = {isa = PBXBuildFile; fileRef = E0A269C6257BB79B0009931E /* ConversationsViewController.swift */; };
		E0A269CA257BB79B0009931E /* Main.storyboard in Resources */ = {isa = PBXBuildFile; fileRef = E0A269C8257BB79B0009931E /* Main.storyboard */; };
		E0A269CC257BB79C0009931E /* Assets.xcassets in Resources */ = {isa = PBXBuildFile; fileRef = E0A269CB257BB79C0009931E /* Assets.xcassets */; };
		E0A269CF257BB79C0009931E /* LaunchScreen.storyboard in Resources */ = {isa = PBXBuildFile; fileRef = E0A269CD257BB79C0009931E /* LaunchScreen.storyboard */; };
		E0B6AAA3257BBB59005EF072 /* LoginViewController.swift in Sources */ = {isa = PBXBuildFile; fileRef = E0B6AAA2257BBB59005EF072 /* LoginViewController.swift */; };
		E0B6AAA6257BBB6E005EF072 /* RegisterViewController.swift in Sources */ = {isa = PBXBuildFile; fileRef = E0B6AAA5257BBB6E005EF072 /* RegisterViewController.swift */; };
		E0B6AAAA257BBB89005EF072 /* PhotoViewerViewController.swift in Sources */ = {isa = PBXBuildFile; fileRef = E0B6AAA9257BBB89005EF072 /* PhotoViewerViewController.swift */; };
		E0B6AAAE257BBB9B005EF072 /* VideoPlayerViewController.swift in Sources */ = {isa = PBXBuildFile; fileRef = E0B6AAAD257BBB9B005EF072 /* VideoPlayerViewController.swift */; };
		E0B6AAB1257BBBB4005EF072 /* NewConversationViewController.swift in Sources */ = {isa = PBXBuildFile; fileRef = E0B6AAB0257BBBB4005EF072 /* NewConversationViewController.swift */; };
		E0B6AAB5257BBBCB005EF072 /* ProfileViewController.swift in Sources */ = {isa = PBXBuildFile; fileRef = E0B6AAB4257BBBCB005EF072 /* ProfileViewController.swift */; };
		E0B6AABB257BC316005EF072 /* Extension.swift in Sources */ = {isa = PBXBuildFile; fileRef = E0B6AABA257BC316005EF072 /* Extension.swift */; };
		F69653F2559B06722C143F92 /* Pods_iOS_Susu_Messenger.framework in Frameworks */ = {isa = PBXBuildFile; fileRef = 4F13C8DF271D0F413DAF4560 /* Pods_iOS_Susu_Messenger.framework */; };
/* End PBXBuildFile section */

/* Begin PBXFileReference section */
		219A8E825EBBA8CE7ED433E1 /* Pods-iOS-Susu-Messenger.debug.xcconfig */ = {isa = PBXFileReference; includeInIndex = 1; lastKnownFileType = text.xcconfig; name = "Pods-iOS-Susu-Messenger.debug.xcconfig"; path = "Target Support Files/Pods-iOS-Susu-Messenger/Pods-iOS-Susu-Messenger.debug.xcconfig"; sourceTree = "<group>"; };
		4C7CD5031E40420F06CDC816 /* Pods-iOS-Susu-Messenger.release.xcconfig */ = {isa = PBXFileReference; includeInIndex = 1; lastKnownFileType = text.xcconfig; name = "Pods-iOS-Susu-Messenger.release.xcconfig"; path = "Target Support Files/Pods-iOS-Susu-Messenger/Pods-iOS-Susu-Messenger.release.xcconfig"; sourceTree = "<group>"; };
		4F13C8DF271D0F413DAF4560 /* Pods_iOS_Susu_Messenger.framework */ = {isa = PBXFileReference; explicitFileType = wrapper.framework; includeInIndex = 0; path = Pods_iOS_Susu_Messenger.framework; sourceTree = BUILT_PRODUCTS_DIR; };
		E0749526257D28D3002E2462 /* GoogleService-Info.plist */ = {isa = PBXFileReference; fileEncoding = 4; lastKnownFileType = text.plist.xml; path = "GoogleService-Info.plist"; sourceTree = "<group>"; };
		E0A269BF257BB79B0009931E /* iOS-Susu-Messenger.app */ = {isa = PBXFileReference; explicitFileType = wrapper.application; includeInIndex = 0; path = "iOS-Susu-Messenger.app"; sourceTree = BUILT_PRODUCTS_DIR; };
		E0A269C2257BB79B0009931E /* AppDelegate.swift */ = {isa = PBXFileReference; lastKnownFileType = sourcecode.swift; path = AppDelegate.swift; sourceTree = "<group>"; };
		E0A269C4257BB79B0009931E /* SceneDelegate.swift */ = {isa = PBXFileReference; lastKnownFileType = sourcecode.swift; path = SceneDelegate.swift; sourceTree = "<group>"; };
		E0A269C6257BB79B0009931E /* ConversationsViewController.swift */ = {isa = PBXFileReference; lastKnownFileType = sourcecode.swift; path = ConversationsViewController.swift; sourceTree = "<group>"; };
		E0A269C9257BB79B0009931E /* Base */ = {isa = PBXFileReference; lastKnownFileType = file.storyboard; name = Base; path = Base.lproj/Main.storyboard; sourceTree = "<group>"; };
		E0A269CB257BB79C0009931E /* Assets.xcassets */ = {isa = PBXFileReference; lastKnownFileType = folder.assetcatalog; path = Assets.xcassets; sourceTree = "<group>"; };
		E0A269CE257BB79C0009931E /* Base */ = {isa = PBXFileReference; lastKnownFileType = file.storyboard; name = Base; path = Base.lproj/LaunchScreen.storyboard; sourceTree = "<group>"; };
		E0A269D0257BB79C0009931E /* Info.plist */ = {isa = PBXFileReference; lastKnownFileType = text.plist.xml; path = Info.plist; sourceTree = "<group>"; };
		E0B6AAA2257BBB59005EF072 /* LoginViewController.swift */ = {isa = PBXFileReference; lastKnownFileType = sourcecode.swift; path = LoginViewController.swift; sourceTree = "<group>"; };
		E0B6AAA5257BBB6E005EF072 /* RegisterViewController.swift */ = {isa = PBXFileReference; lastKnownFileType = sourcecode.swift; path = RegisterViewController.swift; sourceTree = "<group>"; };
		E0B6AAA9257BBB89005EF072 /* PhotoViewerViewController.swift */ = {isa = PBXFileReference; lastKnownFileType = sourcecode.swift; path = PhotoViewerViewController.swift; sourceTree = "<group>"; };
		E0B6AAAD257BBB9B005EF072 /* VideoPlayerViewController.swift */ = {isa = PBXFileReference; lastKnownFileType = sourcecode.swift; path = VideoPlayerViewController.swift; sourceTree = "<group>"; };
		E0B6AAB0257BBBB4005EF072 /* NewConversationViewController.swift */ = {isa = PBXFileReference; lastKnownFileType = sourcecode.swift; path = NewConversationViewController.swift; sourceTree = "<group>"; };
		E0B6AAB4257BBBCB005EF072 /* ProfileViewController.swift */ = {isa = PBXFileReference; lastKnownFileType = sourcecode.swift; path = ProfileViewController.swift; sourceTree = "<group>"; };
		E0B6AABA257BC316005EF072 /* Extension.swift */ = {isa = PBXFileReference; lastKnownFileType = sourcecode.swift; path = Extension.swift; sourceTree = "<group>"; };
/* End PBXFileReference section */

/* Begin PBXFrameworksBuildPhase section */
		E0A269BC257BB79B0009931E /* Frameworks */ = {
			isa = PBXFrameworksBuildPhase;
			buildActionMask = 2147483647;
			files = (
				F69653F2559B06722C143F92 /* Pods_iOS_Susu_Messenger.framework in Frameworks */,
			);
			runOnlyForDeploymentPostprocessing = 0;
		};
/* End PBXFrameworksBuildPhase section */

/* Begin PBXGroup section */
		8FDBCE9A7743CAE48FCCC3F8 /* Frameworks */ = {
			isa = PBXGroup;
			children = (
				4F13C8DF271D0F413DAF4560 /* Pods_iOS_Susu_Messenger.framework */,
			);
			name = Frameworks;
			sourceTree = "<group>";
		};
		9B7F483E2B8DF952F7B792A0 /* Pods */ = {
			isa = PBXGroup;
			children = (
				219A8E825EBBA8CE7ED433E1 /* Pods-iOS-Susu-Messenger.debug.xcconfig */,
				4C7CD5031E40420F06CDC816 /* Pods-iOS-Susu-Messenger.release.xcconfig */,
			);
			path = Pods;
			sourceTree = "<group>";
		};
		E0A269B6257BB79B0009931E = {
			isa = PBXGroup;
			children = (
				E0A269C1257BB79B0009931E /* iOS-Susu-Messenger */,
				E0A269C0257BB79B0009931E /* Products */,
				9B7F483E2B8DF952F7B792A0 /* Pods */,
				8FDBCE9A7743CAE48FCCC3F8 /* Frameworks */,
			);
			sourceTree = "<group>";
		};
		E0A269C0257BB79B0009931E /* Products */ = {
			isa = PBXGroup;
			children = (
				E0A269BF257BB79B0009931E /* iOS-Susu-Messenger.app */,
			);
			name = Products;
			sourceTree = "<group>";
		};
		E0A269C1257BB79B0009931E /* iOS-Susu-Messenger */ = {
			isa = PBXGroup;
			children = (
				E0B6AA98257BB9B1005EF072 /* Resources */,
				E0B6AA97257BB994005EF072 /* ViewModels */,
				E0B6AA96257BB988005EF072 /* Models */,
				E0B6AA95257BB979005EF072 /* Views */,
				E0B6AA94257BB972005EF072 /* Controllers */,
				E0A269D0257BB79C0009931E /* Info.plist */,
				E0749526257D28D3002E2462 /* GoogleService-Info.plist */,
			);
			path = "iOS-Susu-Messenger";
			sourceTree = "<group>";
		};
		E0B6AA94257BB972005EF072 /* Controllers */ = {
			isa = PBXGroup;
			children = (
				E0A269C6257BB79B0009931E /* ConversationsViewController.swift */,
				E0B6AAB8257BBCAC005EF072 /* Authentication */,
				E0B6AAA9257BBB89005EF072 /* PhotoViewerViewController.swift */,
				E0B6AAAD257BBB9B005EF072 /* VideoPlayerViewController.swift */,
				E0B6AAB0257BBBB4005EF072 /* NewConversationViewController.swift */,
				E0B6AAB4257BBBCB005EF072 /* ProfileViewController.swift */,
			);
			path = Controllers;
			sourceTree = "<group>";
		};
		E0B6AA95257BB979005EF072 /* Views */ = {
			isa = PBXGroup;
			children = (
				E0B6AA9A257BB9F4005EF072 /* Storyboards */,
				E0A269CB257BB79C0009931E /* Assets.xcassets */,
			);
			path = Views;
			sourceTree = "<group>";
		};
		E0B6AA96257BB988005EF072 /* Models */ = {
			isa = PBXGroup;
			children = (
			);
			path = Models;
			sourceTree = "<group>";
		};
		E0B6AA97257BB994005EF072 /* ViewModels */ = {
			isa = PBXGroup;
			children = (
			);
			path = ViewModels;
			sourceTree = "<group>";
		};
		E0B6AA98257BB9B1005EF072 /* Resources */ = {
			isa = PBXGroup;
			children = (
				E0A269C2257BB79B0009931E /* AppDelegate.swift */,
				E0A269C4257BB79B0009931E /* SceneDelegate.swift */,
				E0B6AABA257BC316005EF072 /* Extension.swift */,
			);
			path = Resources;
			sourceTree = "<group>";
		};
		E0B6AA9A257BB9F4005EF072 /* Storyboards */ = {
			isa = PBXGroup;
			children = (
				E0A269C8257BB79B0009931E /* Main.storyboard */,
				E0A269CD257BB79C0009931E /* LaunchScreen.storyboard */,
			);
			path = Storyboards;
			sourceTree = "<group>";
		};
		E0B6AAB8257BBCAC005EF072 /* Authentication */ = {
			isa = PBXGroup;
			children = (
				E0B6AAA2257BBB59005EF072 /* LoginViewController.swift */,
				E0B6AAA5257BBB6E005EF072 /* RegisterViewController.swift */,
			);
			path = Authentication;
			sourceTree = "<group>";
		};
/* End PBXGroup section */

/* Begin PBXNativeTarget section */
		E0A269BE257BB79B0009931E /* iOS-Susu-Messenger */ = {
			isa = PBXNativeTarget;
			buildConfigurationList = E0A269D3257BB79C0009931E /* Build configuration list for PBXNativeTarget "iOS-Susu-Messenger" */;
			buildPhases = (
				0955994B5688EB4EEACC00DA /* [CP] Check Pods Manifest.lock */,
				E0A269BB257BB79B0009931E /* Sources */,
				E0A269BC257BB79B0009931E /* Frameworks */,
				E0A269BD257BB79B0009931E /* Resources */,
				3369D9A1A5CE91143CE608B8 /* [CP] Embed Pods Frameworks */,
			);
			buildRules = (
			);
			dependencies = (
			);
			name = "iOS-Susu-Messenger";
			productName = "iOS-Susu-Messenger";
			productReference = E0A269BF257BB79B0009931E /* iOS-Susu-Messenger.app */;
			productType = "com.apple.product-type.application";
		};
/* End PBXNativeTarget section */

/* Begin PBXProject section */
		E0A269B7257BB79B0009931E /* Project object */ = {
			isa = PBXProject;
			attributes = {
				LastSwiftUpdateCheck = 1220;
				LastUpgradeCheck = 1220;
				TargetAttributes = {
					E0A269BE257BB79B0009931E = {
						CreatedOnToolsVersion = 12.2;
					};
				};
			};
			buildConfigurationList = E0A269BA257BB79B0009931E /* Build configuration list for PBXProject "iOS-Susu-Messenger" */;
			compatibilityVersion = "Xcode 9.3";
			developmentRegion = en;
			hasScannedForEncodings = 0;
			knownRegions = (
				en,
				Base,
			);
			mainGroup = E0A269B6257BB79B0009931E;
			productRefGroup = E0A269C0257BB79B0009931E /* Products */;
			projectDirPath = "";
			projectRoot = "";
			targets = (
				E0A269BE257BB79B0009931E /* iOS-Susu-Messenger */,
			);
		};
/* End PBXProject section */

/* Begin PBXResourcesBuildPhase section */
		E0A269BD257BB79B0009931E /* Resources */ = {
			isa = PBXResourcesBuildPhase;
			buildActionMask = 2147483647;
			files = (
				E0749527257D28D3002E2462 /* GoogleService-Info.plist in Resources */,
				E0A269CF257BB79C0009931E /* LaunchScreen.storyboard in Resources */,
				E0A269CC257BB79C0009931E /* Assets.xcassets in Resources */,
				E0A269CA257BB79B0009931E /* Main.storyboard in Resources */,
			);
			runOnlyForDeploymentPostprocessing = 0;
		};
/* End PBXResourcesBuildPhase section */

/* Begin PBXShellScriptBuildPhase section */
		0955994B5688EB4EEACC00DA /* [CP] Check Pods Manifest.lock */ = {
			isa = PBXShellScriptBuildPhase;
			buildActionMask = 2147483647;
			files = (
			);
			inputFileListPaths = (
			);
			inputPaths = (
				"${PODS_PODFILE_DIR_PATH}/Podfile.lock",
				"${PODS_ROOT}/Manifest.lock",
			);
			name = "[CP] Check Pods Manifest.lock";
			outputFileListPaths = (
			);
			outputPaths = (
				"$(DERIVED_FILE_DIR)/Pods-iOS-Susu-Messenger-checkManifestLockResult.txt",
			);
			runOnlyForDeploymentPostprocessing = 0;
			shellPath = /bin/sh;
			shellScript = "diff \"${PODS_PODFILE_DIR_PATH}/Podfile.lock\" \"${PODS_ROOT}/Manifest.lock\" > /dev/null\nif [ $? != 0 ] ; then\n    # print error to STDERR\n    echo \"error: The sandbox is not in sync with the Podfile.lock. Run 'pod install' or update your CocoaPods installation.\" >&2\n    exit 1\nfi\n# This output is used by Xcode 'outputs' to avoid re-running this script phase.\necho \"SUCCESS\" > \"${SCRIPT_OUTPUT_FILE_0}\"\n";
			showEnvVarsInLog = 0;
		};
		3369D9A1A5CE91143CE608B8 /* [CP] Embed Pods Frameworks */ = {
			isa = PBXShellScriptBuildPhase;
			buildActionMask = 2147483647;
			files = (
			);
			inputFileListPaths = (
				"${PODS_ROOT}/Target Support Files/Pods-iOS-Susu-Messenger/Pods-iOS-Susu-Messenger-frameworks-${CONFIGURATION}-input-files.xcfilelist",
			);
			name = "[CP] Embed Pods Frameworks";
			outputFileListPaths = (
				"${PODS_ROOT}/Target Support Files/Pods-iOS-Susu-Messenger/Pods-iOS-Susu-Messenger-frameworks-${CONFIGURATION}-output-files.xcfilelist",
			);
			runOnlyForDeploymentPostprocessing = 0;
			shellPath = /bin/sh;
			shellScript = "\"${PODS_ROOT}/Target Support Files/Pods-iOS-Susu-Messenger/Pods-iOS-Susu-Messenger-frameworks.sh\"\n";
			showEnvVarsInLog = 0;
		};
/* End PBXShellScriptBuildPhase section */

/* Begin PBXSourcesBuildPhase section */
		E0A269BB257BB79B0009931E /* Sources */ = {
			isa = PBXSourcesBuildPhase;
			buildActionMask = 2147483647;
			files = (
				E0B6AAA3257BBB59005EF072 /* LoginViewController.swift in Sources */,
				E0B6AAA6257BBB6E005EF072 /* RegisterViewController.swift in Sources */,
				E0B6AAB1257BBBB4005EF072 /* NewConversationViewController.swift in Sources */,
				E0A269C7257BB79B0009931E /* ConversationsViewController.swift in Sources */,
				E0B6AAAE257BBB9B005EF072 /* VideoPlayerViewController.swift in Sources */,
				E0B6AABB257BC316005EF072 /* Extension.swift in Sources */,
				E0A269C3257BB79B0009931E /* AppDelegate.swift in Sources */,
				E0B6AAB5257BBBCB005EF072 /* ProfileViewController.swift in Sources */,
				E0A269C5257BB79B0009931E /* SceneDelegate.swift in Sources */,
				E0B6AAAA257BBB89005EF072 /* PhotoViewerViewController.swift in Sources */,
			);
			runOnlyForDeploymentPostprocessing = 0;
		};
/* End PBXSourcesBuildPhase section */

/* Begin PBXVariantGroup section */
		E0A269C8257BB79B0009931E /* Main.storyboard */ = {
			isa = PBXVariantGroup;
			children = (
				E0A269C9257BB79B0009931E /* Base */,
			);
			name = Main.storyboard;
			sourceTree = "<group>";
		};
		E0A269CD257BB79C0009931E /* LaunchScreen.storyboard */ = {
			isa = PBXVariantGroup;
			children = (
				E0A269CE257BB79C0009931E /* Base */,
			);
			name = LaunchScreen.storyboard;
			sourceTree = "<group>";
		};
/* End PBXVariantGroup section */

/* Begin XCBuildConfiguration section */
		E0A269D1257BB79C0009931E /* Debug */ = {
			isa = XCBuildConfiguration;
			buildSettings = {
				ALWAYS_SEARCH_USER_PATHS = NO;
				CLANG_ANALYZER_NONNULL = YES;
				CLANG_ANALYZER_NUMBER_OBJECT_CONVERSION = YES_AGGRESSIVE;
				CLANG_CXX_LANGUAGE_STANDARD = "gnu++14";
				CLANG_CXX_LIBRARY = "libc++";
				CLANG_ENABLE_MODULES = YES;
				CLANG_ENABLE_OBJC_ARC = YES;
				CLANG_ENABLE_OBJC_WEAK = YES;
				CLANG_WARN_BLOCK_CAPTURE_AUTORELEASING = YES;
				CLANG_WARN_BOOL_CONVERSION = YES;
				CLANG_WARN_COMMA = YES;
				CLANG_WARN_CONSTANT_CONVERSION = YES;
				CLANG_WARN_DEPRECATED_OBJC_IMPLEMENTATIONS = YES;
				CLANG_WARN_DIRECT_OBJC_ISA_USAGE = YES_ERROR;
				CLANG_WARN_DOCUMENTATION_COMMENTS = YES;
				CLANG_WARN_EMPTY_BODY = YES;
				CLANG_WARN_ENUM_CONVERSION = YES;
				CLANG_WARN_INFINITE_RECURSION = YES;
				CLANG_WARN_INT_CONVERSION = YES;
				CLANG_WARN_NON_LITERAL_NULL_CONVERSION = YES;
				CLANG_WARN_OBJC_IMPLICIT_RETAIN_SELF = YES;
				CLANG_WARN_OBJC_LITERAL_CONVERSION = YES;
				CLANG_WARN_OBJC_ROOT_CLASS = YES_ERROR;
				CLANG_WARN_QUOTED_INCLUDE_IN_FRAMEWORK_HEADER = YES;
				CLANG_WARN_RANGE_LOOP_ANALYSIS = YES;
				CLANG_WARN_STRICT_PROTOTYPES = YES;
				CLANG_WARN_SUSPICIOUS_MOVE = YES;
				CLANG_WARN_UNGUARDED_AVAILABILITY = YES_AGGRESSIVE;
				CLANG_WARN_UNREACHABLE_CODE = YES;
				CLANG_WARN__DUPLICATE_METHOD_MATCH = YES;
				COPY_PHASE_STRIP = NO;
				DEBUG_INFORMATION_FORMAT = dwarf;
				ENABLE_STRICT_OBJC_MSGSEND = YES;
				ENABLE_TESTABILITY = YES;
				GCC_C_LANGUAGE_STANDARD = gnu11;
				GCC_DYNAMIC_NO_PIC = NO;
				GCC_NO_COMMON_BLOCKS = YES;
				GCC_OPTIMIZATION_LEVEL = 0;
				GCC_PREPROCESSOR_DEFINITIONS = (
					"DEBUG=1",
					"$(inherited)",
				);
				GCC_WARN_64_TO_32_BIT_CONVERSION = YES;
				GCC_WARN_ABOUT_RETURN_TYPE = YES_ERROR;
				GCC_WARN_UNDECLARED_SELECTOR = YES;
				GCC_WARN_UNINITIALIZED_AUTOS = YES_AGGRESSIVE;
				GCC_WARN_UNUSED_FUNCTION = YES;
				GCC_WARN_UNUSED_VARIABLE = YES;
				IPHONEOS_DEPLOYMENT_TARGET = 14.2;
				MTL_ENABLE_DEBUG_INFO = INCLUDE_SOURCE;
				MTL_FAST_MATH = YES;
				ONLY_ACTIVE_ARCH = YES;
				SDKROOT = iphoneos;
				SWIFT_ACTIVE_COMPILATION_CONDITIONS = DEBUG;
				SWIFT_OPTIMIZATION_LEVEL = "-Onone";
			};
			name = Debug;
		};
		E0A269D2257BB79C0009931E /* Release */ = {
			isa = XCBuildConfiguration;
			buildSettings = {
				ALWAYS_SEARCH_USER_PATHS = NO;
				CLANG_ANALYZER_NONNULL = YES;
				CLANG_ANALYZER_NUMBER_OBJECT_CONVERSION = YES_AGGRESSIVE;
				CLANG_CXX_LANGUAGE_STANDARD = "gnu++14";
				CLANG_CXX_LIBRARY = "libc++";
				CLANG_ENABLE_MODULES = YES;
				CLANG_ENABLE_OBJC_ARC = YES;
				CLANG_ENABLE_OBJC_WEAK = YES;
				CLANG_WARN_BLOCK_CAPTURE_AUTORELEASING = YES;
				CLANG_WARN_BOOL_CONVERSION = YES;
				CLANG_WARN_COMMA = YES;
				CLANG_WARN_CONSTANT_CONVERSION = YES;
				CLANG_WARN_DEPRECATED_OBJC_IMPLEMENTATIONS = YES;
				CLANG_WARN_DIRECT_OBJC_ISA_USAGE = YES_ERROR;
				CLANG_WARN_DOCUMENTATION_COMMENTS = YES;
				CLANG_WARN_EMPTY_BODY = YES;
				CLANG_WARN_ENUM_CONVERSION = YES;
				CLANG_WARN_INFINITE_RECURSION = YES;
				CLANG_WARN_INT_CONVERSION = YES;
				CLANG_WARN_NON_LITERAL_NULL_CONVERSION = YES;
				CLANG_WARN_OBJC_IMPLICIT_RETAIN_SELF = YES;
				CLANG_WARN_OBJC_LITERAL_CONVERSION = YES;
				CLANG_WARN_OBJC_ROOT_CLASS = YES_ERROR;
				CLANG_WARN_QUOTED_INCLUDE_IN_FRAMEWORK_HEADER = YES;
				CLANG_WARN_RANGE_LOOP_ANALYSIS = YES;
				CLANG_WARN_STRICT_PROTOTYPES = YES;
				CLANG_WARN_SUSPICIOUS_MOVE = YES;
				CLANG_WARN_UNGUARDED_AVAILABILITY = YES_AGGRESSIVE;
				CLANG_WARN_UNREACHABLE_CODE = YES;
				CLANG_WARN__DUPLICATE_METHOD_MATCH = YES;
				COPY_PHASE_STRIP = NO;
				DEBUG_INFORMATION_FORMAT = "dwarf-with-dsym";
				ENABLE_NS_ASSERTIONS = NO;
				ENABLE_STRICT_OBJC_MSGSEND = YES;
				GCC_C_LANGUAGE_STANDARD = gnu11;
				GCC_NO_COMMON_BLOCKS = YES;
				GCC_WARN_64_TO_32_BIT_CONVERSION = YES;
				GCC_WARN_ABOUT_RETURN_TYPE = YES_ERROR;
				GCC_WARN_UNDECLARED_SELECTOR = YES;
				GCC_WARN_UNINITIALIZED_AUTOS = YES_AGGRESSIVE;
				GCC_WARN_UNUSED_FUNCTION = YES;
				GCC_WARN_UNUSED_VARIABLE = YES;
				IPHONEOS_DEPLOYMENT_TARGET = 14.2;
				MTL_ENABLE_DEBUG_INFO = NO;
				MTL_FAST_MATH = YES;
				SDKROOT = iphoneos;
				SWIFT_COMPILATION_MODE = wholemodule;
				SWIFT_OPTIMIZATION_LEVEL = "-O";
				VALIDATE_PRODUCT = YES;
			};
			name = Release;
		};
		E0A269D4257BB79C0009931E /* Debug */ = {
			isa = XCBuildConfiguration;
			baseConfigurationReference = 219A8E825EBBA8CE7ED433E1 /* Pods-iOS-Susu-Messenger.debug.xcconfig */;
			buildSettings = {
				ASSETCATALOG_COMPILER_APPICON_NAME = AppIcon;
				ASSETCATALOG_COMPILER_GLOBAL_ACCENT_COLOR_NAME = AccentColor;
				CODE_SIGN_STYLE = Automatic;
				DEVELOPMENT_TEAM = Q5MD7Q6W83;
				INFOPLIST_FILE = "iOS-Susu-Messenger/Info.plist";
				IPHONEOS_DEPLOYMENT_TARGET = 13.0;
				LD_RUNPATH_SEARCH_PATHS = (
					"$(inherited)",
					"@executable_path/Frameworks",
				);
				PRODUCT_BUNDLE_IDENTIFIER = "com.punreachrany.iOS-Susu-Messenger";
				PRODUCT_NAME = "$(TARGET_NAME)";
				SWIFT_VERSION = 5.0;
				TARGETED_DEVICE_FAMILY = "1,2";
			};
			name = Debug;
		};
		E0A269D5257BB79C0009931E /* Release */ = {
			isa = XCBuildConfiguration;
			baseConfigurationReference = 4C7CD5031E40420F06CDC816 /* Pods-iOS-Susu-Messenger.release.xcconfig */;
			buildSettings = {
				ASSETCATALOG_COMPILER_APPICON_NAME = AppIcon;
				ASSETCATALOG_COMPILER_GLOBAL_ACCENT_COLOR_NAME = AccentColor;
				CODE_SIGN_STYLE = Automatic;
				DEVELOPMENT_TEAM = Q5MD7Q6W83;
				INFOPLIST_FILE = "iOS-Susu-Messenger/Info.plist";
				IPHONEOS_DEPLOYMENT_TARGET = 13.0;
				LD_RUNPATH_SEARCH_PATHS = (
					"$(inherited)",
					"@executable_path/Frameworks",
				);
				PRODUCT_BUNDLE_IDENTIFIER = "com.punreachrany.iOS-Susu-Messenger";
				PRODUCT_NAME = "$(TARGET_NAME)";
				SWIFT_VERSION = 5.0;
				TARGETED_DEVICE_FAMILY = "1,2";
			};
			name = Release;
		};
/* End XCBuildConfiguration section */

/* Begin XCConfigurationList section */
		E0A269BA257BB79B0009931E /* Build configuration list for PBXProject "iOS-Susu-Messenger" */ = {
			isa = XCConfigurationList;
			buildConfigurations = (
				E0A269D1257BB79C0009931E /* Debug */,
				E0A269D2257BB79C0009931E /* Release */,
			);
			defaultConfigurationIsVisible = 0;
			defaultConfigurationName = Release;
		};
		E0A269D3257BB79C0009931E /* Build configuration list for PBXNativeTarget "iOS-Susu-Messenger" */ = {
			isa = XCConfigurationList;
			buildConfigurations = (
				E0A269D4257BB79C0009931E /* Debug */,
				E0A269D5257BB79C0009931E /* Release */,
			);
			defaultConfigurationIsVisible = 0;
			defaultConfigurationName = Release;
		};
/* End XCConfigurationList section */
	};
	rootObject = E0A269B7257BB79B0009931E /* Project object */;
}
